
Microsoft Visual Studio Solution File, Format Version 12.00
# Visual Studio Version 17
Project("{2150E333-8FDC-42A3-9474-1A3956D46DE8}") = "CMakePredefinedTargets", "CMakePredefinedTargets", "{15F95A07-30AC-30E9-A44E-60984726DB33}"
EndProject
Project("{2150E333-8FDC-42A3-9474-1A3956D46DE8}") = "External", "External", "{BBA4309D-E497-3F8C-80B1-87DADC8B9C39}"
EndProject
Project("{2150E333-8FDC-42A3-9474-1A3956D46DE8}") = "Internal", "Internal", "{A2E24755-82B0-3AD3-A766-289B8C48C54E}"
EndProject
Project("{2150E333-8FDC-42A3-9474-1A3956D46DE8}") = "Utils", "Utils", "{7F0DC7F1-96D7-3773-B5D8-8F6C6576DBDB}"
EndProject
Project("{8BC9CEB8-8B4A-11D0-8D11-00A0C91BC942}") = "ALL_BUILD", "ALL_BUILD.vcxproj", "{E81AF410-0570-32DD-965C-138F12E4B90F}"
	ProjectSection(ProjectDependencies) = postProject
		{5062CDCC-31FF-3CA1-9FD7-A2CEC51ECDD1} = {5062CDCC-31FF-3CA1-9FD7-A2CEC51ECDD1}
		{C097227E-51E2-3677-A795-B0227FE84652} = {C097227E-51E2-3677-A795-B0227FE84652}
		{AC687E12-E425-330E-A13F-BD2B80E34A1E} = {AC687E12-E425-330E-A13F-BD2B80E34A1E}
		{3F9D23A5-4561-377E-A4F1-6496271CF745} = {3F9D23A5-4561-377E-A4F1-6496271CF745}
		{5414C056-BB2C-3185-8C3D-28540D8E31E7} = {5414C056-BB2C-3185-8C3D-28540D8E31E7}
		{60B0AB04-FF3E-31C1-BFD9-2B805C26AE8B} = {60B0AB04-FF3E-31C1-BFD9-2B805C26AE8B}
		{13030791-1D88-35AF-8B92-4305FB7893E5} = {13030791-1D88-35AF-8B92-4305FB7893E5}
		{F54E29DA-C7FA-3859-AFD1-D71B0FE5E355} = {F54E29DA-C7FA-3859-AFD1-D71B0FE5E355}
		{8ACCF3D7-740A-3A4E-8EE6-C963D72FBD43} = {8ACCF3D7-740A-3A4E-8EE6-C963D72FBD43}
		{92E4ED6C-13E9-3C04-9BF1-9FD2D48898E6} = {92E4ED6C-13E9-3C04-9BF1-9FD2D48898E6}
		{142C6B6F-5859-3F64-A3CB-BE7E44C09622} = {142C6B6F-5859-3F64-A3CB-BE7E44C09622}
		{3785ECD9-54C8-39C9-9351-71CBB2CDBE0E} = {3785ECD9-54C8-39C9-9351-71CBB2CDBE0E}
		{7FFB47C0-C8FF-3C59-A73B-B03AA43CE045} = {7FFB47C0-C8FF-3C59-A73B-B03AA43CE045}
		{36128E84-0018-3A2F-B585-F2F86AF9C740} = {36128E84-0018-3A2F-B585-F2F86AF9C740}
		{0002AD94-DB44-3F13-99EA-716926580D0F} = {0002AD94-DB44-3F13-99EA-716926580D0F}
	EndProjectSection
EndProject
Project("{8BC9CEB8-8B4A-11D0-8D11-00A0C91BC942}") = "SYNC_RESOURCE-pvz1", "SYNC_RESOURCE-pvz1.vcxproj", "{5062CDCC-31FF-3CA1-9FD7-A2CEC51ECDD1}"
	ProjectSection(ProjectDependencies) = postProject
		{C097227E-51E2-3677-A795-B0227FE84652} = {C097227E-51E2-3677-A795-B0227FE84652}
	EndProjectSection
EndProject
Project("{8BC9CEB8-8B4A-11D0-8D11-00A0C91BC942}") = "ZERO_CHECK", "ZERO_CHECK.vcxproj", "{C097227E-51E2-3677-A795-B0227FE84652}"
	ProjectSection(ProjectDependencies) = postProject
	EndProjectSection
EndProject
Project("{8BC9CEB8-8B4A-11D0-8D11-00A0C91BC942}") = "cocos2d", "engine\cocos\core\cocos2d.vcxproj", "{AC687E12-E425-330E-A13F-BD2B80E34A1E}"
	ProjectSection(ProjectDependencies) = postProject
		{C097227E-51E2-3677-A795-B0227FE84652} = {C097227E-51E2-3677-A795-B0227FE84652}
		{3F9D23A5-4561-377E-A4F1-6496271CF745} = {3F9D23A5-4561-377E-A4F1-6496271CF745}
		{5414C056-BB2C-3185-8C3D-28540D8E31E7} = {5414C056-BB2C-3185-8C3D-28540D8E31E7}
		{60B0AB04-FF3E-31C1-BFD9-2B805C26AE8B} = {60B0AB04-FF3E-31C1-BFD9-2B805C26AE8B}
		{13030791-1D88-35AF-8B92-4305FB7893E5} = {13030791-1D88-35AF-8B92-4305FB7893E5}
		{F54E29DA-C7FA-3859-AFD1-D71B0FE5E355} = {F54E29DA-C7FA-3859-AFD1-D71B0FE5E355}
		{8ACCF3D7-740A-3A4E-8EE6-C963D72FBD43} = {8ACCF3D7-740A-3A4E-8EE6-C963D72FBD43}
		{92E4ED6C-13E9-3C04-9BF1-9FD2D48898E6} = {92E4ED6C-13E9-3C04-9BF1-9FD2D48898E6}
		{142C6B6F-5859-3F64-A3CB-BE7E44C09622} = {142C6B6F-5859-3F64-A3CB-BE7E44C09622}
		{3785ECD9-54C8-39C9-9351-71CBB2CDBE0E} = {3785ECD9-54C8-39C9-9351-71CBB2CDBE0E}
		{7FFB47C0-C8FF-3C59-A73B-B03AA43CE045} = {7FFB47C0-C8FF-3C59-A73B-B03AA43CE045}
		{36128E84-0018-3A2F-B585-F2F86AF9C740} = {36128E84-0018-3A2F-B585-F2F86AF9C740}
	EndProjectSection
EndProject
Project("{8BC9CEB8-8B4A-11D0-8D11-00A0C91BC942}") = "ext_clipper", "engine\external\clipper\ext_clipper.vcxproj", "{3F9D23A5-4561-377E-A4F1-6496271CF745}"
	ProjectSection(ProjectDependencies) = postProject
		{C097227E-51E2-3677-A795-B0227FE84652} = {C097227E-51E2-3677-A795-B0227FE84652}
	EndProjectSection
EndProject
Project("{8BC9CEB8-8B4A-11D0-8D11-00A0C91BC942}") = "ext_convertUTF", "engine\external\ConvertUTF\ext_convertUTF.vcxproj", "{5414C056-BB2C-3185-8C3D-28540D8E31E7}"
	ProjectSection(ProjectDependencies) = postProject
		{C097227E-51E2-3677-A795-B0227FE84652} = {C097227E-51E2-3677-A795-B0227FE84652}
	EndProjectSection
EndProject
Project("{8BC9CEB8-8B4A-11D0-8D11-00A0C91BC942}") = "ext_edtaa3func", "engine\external\edtaa3func\ext_edtaa3func.vcxproj", "{60B0AB04-FF3E-31C1-BFD9-2B805C26AE8B}"
	ProjectSection(ProjectDependencies) = postProject
		{C097227E-51E2-3677-A795-B0227FE84652} = {C097227E-51E2-3677-A795-B0227FE84652}
	EndProjectSection
EndProject
Project("{8BC9CEB8-8B4A-11D0-8D11-00A0C91BC942}") = "ext_md5", "engine\external\md5\ext_md5.vcxproj", "{13030791-1D88-35AF-8B92-4305FB7893E5}"
	ProjectSection(ProjectDependencies) = postProject
		{C097227E-51E2-3677-A795-B0227FE84652} = {C097227E-51E2-3677-A795-B0227FE84652}
	EndProjectSection
EndProject
Project("{8BC9CEB8-8B4A-11D0-8D11-00A0C91BC942}") = "ext_poly2tri", "engine\external\poly2tri\ext_poly2tri.vcxproj", "{F54E29DA-C7FA-3859-AFD1-D71B0FE5E355}"
	ProjectSection(ProjectDependencies) = postProject
		{C097227E-51E2-3677-A795-B0227FE84652} = {C097227E-51E2-3677-A795-B0227FE84652}
	EndProjectSection
EndProject
Project("{8BC9CEB8-8B4A-11D0-8D11-00A0C91BC942}") = "ext_recast", "engine\external\recast\ext_recast.vcxproj", "{8ACCF3D7-740A-3A4E-8EE6-C963D72FBD43}"
	ProjectSection(ProjectDependencies) = postProject
		{C097227E-51E2-3677-A795-B0227FE84652} = {C097227E-51E2-3677-A795-B0227FE84652}
	EndProjectSection
EndProject
Project("{8BC9CEB8-8B4A-11D0-8D11-00A0C91BC942}") = "ext_tinyxml2", "engine\external\tinyxml2\ext_tinyxml2.vcxproj", "{92E4ED6C-13E9-3C04-9BF1-9FD2D48898E6}"
	ProjectSection(ProjectDependencies) = postProject
		{C097227E-51E2-3677-A795-B0227FE84652} = {C097227E-51E2-3677-A795-B0227FE84652}
	EndProjectSection
EndProject
Project("{8BC9CEB8-8B4A-11D0-8D11-00A0C91BC942}") = "ext_unzip", "engine\external\unzip\ext_unzip.vcxproj", "{142C6B6F-5859-3F64-A3CB-BE7E44C09622}"
	ProjectSection(ProjectDependencies) = postProject
		{C097227E-51E2-3677-A795-B0227FE84652} = {C097227E-51E2-3677-A795-B0227FE84652}
	EndProjectSection
EndProject
Project("{8BC9CEB8-8B4A-11D0-8D11-00A0C91BC942}") = "ext_xxhash", "engine\external\xxhash\ext_xxhash.vcxproj", "{3785ECD9-54C8-39C9-9351-71CBB2CDBE0E}"
	ProjectSection(ProjectDependencies) = postProject
		{C097227E-51E2-3677-A795-B0227FE84652} = {C097227E-51E2-3677-A795-B0227FE84652}
	EndProjectSection
EndProject
Project("{8BC9CEB8-8B4A-11D0-8D11-00A0C91BC942}") = "ext_xxtea", "engine\external\xxtea\ext_xxtea.vcxproj", "{7FFB47C0-C8FF-3C59-A73B-B03AA43CE045}"
	ProjectSection(ProjectDependencies) = postProject
		{C097227E-51E2-3677-A795-B0227FE84652} = {C097227E-51E2-3677-A795-B0227FE84652}
	EndProjectSection
EndProject
Project("{8BC9CEB8-8B4A-11D0-8D11-00A0C91BC942}") = "external", "engine\external\external.vcxproj", "{36128E84-0018-3A2F-B585-F2F86AF9C740}"
	ProjectSection(ProjectDependencies) = postProject
		{C097227E-51E2-3677-A795-B0227FE84652} = {C097227E-51E2-3677-A795-B0227FE84652}
		{3F9D23A5-4561-377E-A4F1-6496271CF745} = {3F9D23A5-4561-377E-A4F1-6496271CF745}
		{5414C056-BB2C-3185-8C3D-28540D8E31E7} = {5414C056-BB2C-3185-8C3D-28540D8E31E7}
		{60B0AB04-FF3E-31C1-BFD9-2B805C26AE8B} = {60B0AB04-FF3E-31C1-BFD9-2B805C26AE8B}
		{13030791-1D88-35AF-8B92-4305FB7893E5} = {13030791-1D88-35AF-8B92-4305FB7893E5}
		{F54E29DA-C7FA-3859-AFD1-D71B0FE5E355} = {F54E29DA-C7FA-3859-AFD1-D71B0FE5E355}
		{8ACCF3D7-740A-3A4E-8EE6-C963D72FBD43} = {8ACCF3D7-740A-3A4E-8EE6-C963D72FBD43}
		{92E4ED6C-13E9-3C04-9BF1-9FD2D48898E6} = {92E4ED6C-13E9-3C04-9BF1-9FD2D48898E6}
		{142C6B6F-5859-3F64-A3CB-BE7E44C09622} = {142C6B6F-5859-3F64-A3CB-BE7E44C09622}
		{3785ECD9-54C8-39C9-9351-71CBB2CDBE0E} = {3785ECD9-54C8-39C9-9351-71CBB2CDBE0E}
		{7FFB47C0-C8FF-3C59-A73B-B03AA43CE045} = {7FFB47C0-C8FF-3C59-A73B-B03AA43CE045}
	EndProjectSection
EndProject
Project("{8BC9CEB8-8B4A-11D0-8D11-00A0C91BC942}") = "pvz1", "pvz1.vcxproj", "{0002AD94-DB44-3F13-99EA-716926580D0F}"
	ProjectSection(ProjectDependencies) = postProject
		{5062CDCC-31FF-3CA1-9FD7-A2CEC51ECDD1} = {5062CDCC-31FF-3CA1-9FD7-A2CEC51ECDD1}
		{C097227E-51E2-3677-A795-B0227FE84652} = {C097227E-51E2-3677-A795-B0227FE84652}
		{AC687E12-E425-330E-A13F-BD2B80E34A1E} = {AC687E12-E425-330E-A13F-BD2B80E34A1E}
		{3F9D23A5-4561-377E-A4F1-6496271CF745} = {3F9D23A5-4561-377E-A4F1-6496271CF745}
		{5414C056-BB2C-3185-8C3D-28540D8E31E7} = {5414C056-BB2C-3185-8C3D-28540D8E31E7}
		{60B0AB04-FF3E-31C1-BFD9-2B805C26AE8B} = {60B0AB04-FF3E-31C1-BFD9-2B805C26AE8B}
		{13030791-1D88-35AF-8B92-4305FB7893E5} = {13030791-1D88-35AF-8B92-4305FB7893E5}
		{F54E29DA-C7FA-3859-AFD1-D71B0FE5E355} = {F54E29DA-C7FA-3859-AFD1-D71B0FE5E355}
		{8ACCF3D7-740A-3A4E-8EE6-C963D72FBD43} = {8ACCF3D7-740A-3A4E-8EE6-C963D72FBD43}
		{92E4ED6C-13E9-3C04-9BF1-9FD2D48898E6} = {92E4ED6C-13E9-3C04-9BF1-9FD2D48898E6}
		{142C6B6F-5859-3F64-A3CB-BE7E44C09622} = {142C6B6F-5859-3F64-A3CB-BE7E44C09622}
		{3785ECD9-54C8-39C9-9351-71CBB2CDBE0E} = {3785ECD9-54C8-39C9-9351-71CBB2CDBE0E}
		{7FFB47C0-C8FF-3C59-A73B-B03AA43CE045} = {7FFB47C0-C8FF-3C59-A73B-B03AA43CE045}
		{36128E84-0018-3A2F-B585-F2F86AF9C740} = {36128E84-0018-3A2F-B585-F2F86AF9C740}
	EndProjectSection
EndProject
Global
	GlobalSection(SolutionConfigurationPlatforms) = preSolution
		Debug|WIN32 = Debug|WIN32
		Release|WIN32 = Release|WIN32
		MinSizeRel|WIN32 = MinSizeRel|WIN32
		RelWithDebInfo|WIN32 = RelWithDebInfo|WIN32
	EndGlobalSection
	GlobalSection(ProjectConfigurationPlatforms) = postSolution
		{E81AF410-0570-32DD-965C-138F12E4B90F}.Debug|WIN32.ActiveCfg = Debug|WIN32
		{E81AF410-0570-32DD-965C-138F12E4B90F}.Release|WIN32.ActiveCfg = Release|WIN32
		{E81AF410-0570-32DD-965C-138F12E4B90F}.MinSizeRel|WIN32.ActiveCfg = MinSizeRel|WIN32
		{E81AF410-0570-32DD-965C-138F12E4B90F}.RelWithDebInfo|WIN32.ActiveCfg = RelWithDebInfo|WIN32
		{5062CDCC-31FF-3CA1-9FD7-A2CEC51ECDD1}.Debug|WIN32.ActiveCfg = Debug|WIN32
		{5062CDCC-31FF-3CA1-9FD7-A2CEC51ECDD1}.Debug|WIN32.Build.0 = Debug|WIN32
		{5062CDCC-31FF-3CA1-9FD7-A2CEC51ECDD1}.Release|WIN32.ActiveCfg = Release|WIN32
		{5062CDCC-31FF-3CA1-9FD7-A2CEC51ECDD1}.Release|WIN32.Build.0 = Release|WIN32
		{5062CDCC-31FF-3CA1-9FD7-A2CEC51ECDD1}.MinSizeRel|WIN32.ActiveCfg = MinSizeRel|WIN32
		{5062CDCC-31FF-3CA1-9FD7-A2CEC51ECDD1}.MinSizeRel|WIN32.Build.0 = MinSizeRel|WIN32
		{5062CDCC-31FF-3CA1-9FD7-A2CEC51ECDD1}.RelWithDebInfo|WIN32.ActiveCfg = RelWithDebInfo|WIN32
		{5062CDCC-31FF-3CA1-9FD7-A2CEC51ECDD1}.RelWithDebInfo|WIN32.Build.0 = RelWithDebInfo|WIN32
		{C097227E-51E2-3677-A795-B0227FE84652}.Debug|WIN32.ActiveCfg = Debug|WIN32
		{C097227E-51E2-3677-A795-B0227FE84652}.Debug|WIN32.Build.0 = Debug|WIN32
		{C097227E-51E2-3677-A795-B0227FE84652}.Release|WIN32.ActiveCfg = Release|WIN32
		{C097227E-51E2-3677-A795-B0227FE84652}.Release|WIN32.Build.0 = Release|WIN32
		{C097227E-51E2-3677-A795-B0227FE84652}.MinSizeRel|WIN32.ActiveCfg = MinSizeRel|WIN32
		{C097227E-51E2-3677-A795-B0227FE84652}.MinSizeRel|WIN32.Build.0 = MinSizeRel|WIN32
		{C097227E-51E2-3677-A795-B0227FE84652}.RelWithDebInfo|WIN32.ActiveCfg = RelWithDebInfo|WIN32
		{C097227E-51E2-3677-A795-B0227FE84652}.RelWithDebInfo|WIN32.Build.0 = RelWithDebInfo|WIN32
		{AC687E12-E425-330E-A13F-BD2B80E34A1E}.Debug|WIN32.ActiveCfg = Debug|WIN32
		{AC687E12-E425-330E-A13F-BD2B80E34A1E}.Debug|WIN32.Build.0 = Debug|WIN32
		{AC687E12-E425-330E-A13F-BD2B80E34A1E}.Release|WIN32.ActiveCfg = Release|WIN32
		{AC687E12-E425-330E-A13F-BD2B80E34A1E}.Release|WIN32.Build.0 = Release|WIN32
		{AC687E12-E425-330E-A13F-BD2B80E34A1E}.MinSizeRel|WIN32.ActiveCfg = MinSizeRel|WIN32
		{AC687E12-E425-330E-A13F-BD2B80E34A1E}.MinSizeRel|WIN32.Build.0 = MinSizeRel|WIN32
		{AC687E12-E425-330E-A13F-BD2B80E34A1E}.RelWithDebInfo|WIN32.ActiveCfg = RelWithDebInfo|WIN32
		{AC687E12-E425-330E-A13F-BD2B80E34A1E}.RelWithDebInfo|WIN32.Build.0 = RelWithDebInfo|WIN32
		{3F9D23A5-4561-377E-A4F1-6496271CF745}.Debug|WIN32.ActiveCfg = Debug|WIN32
		{3F9D23A5-4561-377E-A4F1-6496271CF745}.Debug|WIN32.Build.0 = Debug|WIN32
		{3F9D23A5-4561-377E-A4F1-6496271CF745}.Release|WIN32.ActiveCfg = Release|WIN32
		{3F9D23A5-4561-377E-A4F1-6496271CF745}.Release|WIN32.Build.0 = Release|WIN32
		{3F9D23A5-4561-377E-A4F1-6496271CF745}.MinSizeRel|WIN32.ActiveCfg = MinSizeRel|WIN32
		{3F9D23A5-4561-377E-A4F1-6496271CF745}.MinSizeRel|WIN32.Build.0 = MinSizeRel|WIN32
		{3F9D23A5-4561-377E-A4F1-6496271CF745}.RelWithDebInfo|WIN32.ActiveCfg = RelWithDebInfo|WIN32
		{3F9D23A5-4561-377E-A4F1-6496271CF745}.RelWithDebInfo|WIN32.Build.0 = RelWithDebInfo|WIN32
		{5414C056-BB2C-3185-8C3D-28540D8E31E7}.Debug|WIN32.ActiveCfg = Debug|WIN32
		{5414C056-BB2C-3185-8C3D-28540D8E31E7}.Debug|WIN32.Build.0 = Debug|WIN32
		{5414C056-BB2C-3185-8C3D-28540D8E31E7}.Release|WIN32.ActiveCfg = Release|WIN32
		{5414C056-BB2C-3185-8C3D-28540D8E31E7}.Release|WIN32.Build.0 = Release|WIN32
		{5414C056-BB2C-3185-8C3D-28540D8E31E7}.MinSizeRel|WIN32.ActiveCfg = MinSizeRel|WIN32
		{5414C056-BB2C-3185-8C3D-28540D8E31E7}.MinSizeRel|WIN32.Build.0 = MinSizeRel|WIN32
		{5414C056-BB2C-3185-8C3D-28540D8E31E7}.RelWithDebInfo|WIN32.ActiveCfg = RelWithDebInfo|WIN32
		{5414C056-BB2C-3185-8C3D-28540D8E31E7}.RelWithDebInfo|WIN32.Build.0 = RelWithDebInfo|WIN32
		{60B0AB04-FF3E-31C1-BFD9-2B805C26AE8B}.Debug|WIN32.ActiveCfg = Debug|WIN32
		{60B0AB04-FF3E-31C1-BFD9-2B805C26AE8B}.Debug|WIN32.Build.0 = Debug|WIN32
		{60B0AB04-FF3E-31C1-BFD9-2B805C26AE8B}.Release|WIN32.ActiveCfg = Release|WIN32
		{60B0AB04-FF3E-31C1-BFD9-2B805C26AE8B}.Release|WIN32.Build.0 = Release|WIN32
		{60B0AB04-FF3E-31C1-BFD9-2B805C26AE8B}.MinSizeRel|WIN32.ActiveCfg = MinSizeRel|WIN32
		{60B0AB04-FF3E-31C1-BFD9-2B805C26AE8B}.MinSizeRel|WIN32.Build.0 = MinSizeRel|WIN32
		{60B0AB04-FF3E-31C1-BFD9-2B805C26AE8B}.RelWithDebInfo|WIN32.ActiveCfg = RelWithDebInfo|WIN32
		{60B0AB04-FF3E-31C1-BFD9-2B805C26AE8B}.RelWithDebInfo|WIN32.Build.0 = RelWithDebInfo|WIN32
		{13030791-1D88-35AF-8B92-4305FB7893E5}.Debug|WIN32.ActiveCfg = Debug|WIN32
		{13030791-1D88-35AF-8B92-4305FB7893E5}.Debug|WIN32.Build.0 = Debug|WIN32
		{13030791-1D88-35AF-8B92-4305FB7893E5}.Release|WIN32.ActiveCfg = Release|WIN32
		{13030791-1D88-35AF-8B92-4305FB7893E5}.Release|WIN32.Build.0 = Release|WIN32
		{13030791-1D88-35AF-8B92-4305FB7893E5}.MinSizeRel|WIN32.ActiveCfg = MinSizeRel|WIN32
		{13030791-1D88-35AF-8B92-4305FB7893E5}.MinSizeRel|WIN32.Build.0 = MinSizeRel|WIN32
		{13030791-1D88-35AF-8B92-4305FB7893E5}.RelWithDebInfo|WIN32.ActiveCfg = RelWithDebInfo|WIN32
		{13030791-1D88-35AF-8B92-4305FB7893E5}.RelWithDebInfo|WIN32.Build.0 = RelWithDebInfo|WIN32
		{F54E29DA-C7FA-3859-AFD1-D71B0FE5E355}.Debug|WIN32.ActiveCfg = Debug|WIN32
		{F54E29DA-C7FA-3859-AFD1-D71B0FE5E355}.Debug|WIN32.Build.0 = Debug|WIN32
		{F54E29DA-C7FA-3859-AFD1-D71B0FE5E355}.Release|WIN32.ActiveCfg = Release|WIN32
		{F54E29DA-C7FA-3859-AFD1-D71B0FE5E355}.Release|WIN32.Build.0 = Release|WIN32
		{F54E29DA-C7FA-3859-AFD1-D71B0FE5E355}.MinSizeRel|WIN32.ActiveCfg = MinSizeRel|WIN32
		{F54E29DA-C7FA-3859-AFD1-D71B0FE5E355}.MinSizeRel|WIN32.Build.0 = MinSizeRel|WIN32
		{F54E29DA-C7FA-3859-AFD1-D71B0FE5E355}.RelWithDebInfo|WIN32.ActiveCfg = RelWithDebInfo|WIN32
		{F54E29DA-C7FA-3859-AFD1-D71B0FE5E355}.RelWithDebInfo|WIN32.Build.0 = RelWithDebInfo|WIN32
		{8ACCF3D7-740A-3A4E-8EE6-C963D72FBD43}.Debug|WIN32.ActiveCfg = Debug|WIN32
		{8ACCF3D7-740A-3A4E-8EE6-C963D72FBD43}.Debug|WIN32.Build.0 = Debug|WIN32
		{8ACCF3D7-740A-3A4E-8EE6-C963D72FBD43}.Release|WIN32.ActiveCfg = Release|WIN32
		{8ACCF3D7-740A-3A4E-8EE6-C963D72FBD43}.Release|WIN32.Build.0 = Release|WIN32
		{8ACCF3D7-740A-3A4E-8EE6-C963D72FBD43}.MinSizeRel|WIN32.ActiveCfg = MinSizeRel|WIN32
		{8ACCF3D7-740A-3A4E-8EE6-C963D72FBD43}.MinSizeRel|WIN32.Build.0 = MinSizeRel|WIN32
		{8ACCF3D7-740A-3A4E-8EE6-C963D72FBD43}.RelWithDebInfo|WIN32.ActiveCfg = RelWithDebInfo|WIN32
		{8ACCF3D7-740A-3A4E-8EE6-C963D72FBD43}.RelWithDebInfo|WIN32.Build.0 = RelWithDebInfo|WIN32
		{92E4ED6C-13E9-3C04-9BF1-9FD2D48898E6}.Debug|WIN32.ActiveCfg = Debug|WIN32
		{92E4ED6C-13E9-3C04-9BF1-9FD2D48898E6}.Debug|WIN32.Build.0 = Debug|WIN32
		{92E4ED6C-13E9-3C04-9BF1-9FD2D48898E6}.Release|WIN32.ActiveCfg = Release|WIN32
		{92E4ED6C-13E9-3C04-9BF1-9FD2D48898E6}.Release|WIN32.Build.0 = Release|WIN32
		{92E4ED6C-13E9-3C04-9BF1-9FD2D48898E6}.MinSizeRel|WIN32.ActiveCfg = MinSizeRel|WIN32
		{92E4ED6C-13E9-3C04-9BF1-9FD2D48898E6}.MinSizeRel|WIN32.Build.0 = MinSizeRel|WIN32
		{92E4ED6C-13E9-3C04-9BF1-9FD2D48898E6}.RelWithDebInfo|WIN32.ActiveCfg = RelWithDebInfo|WIN32
		{92E4ED6C-13E9-3C04-9BF1-9FD2D48898E6}.RelWithDebInfo|WIN32.Build.0 = RelWithDebInfo|WIN32
		{142C6B6F-5859-3F64-A3CB-BE7E44C09622}.Debug|WIN32.ActiveCfg = Debug|WIN32
		{142C6B6F-5859-3F64-A3CB-BE7E44C09622}.Debug|WIN32.Build.0 = Debug|WIN32
		{142C6B6F-5859-3F64-A3CB-BE7E44C09622}.Release|WIN32.ActiveCfg = Release|WIN32
		{142C6B6F-5859-3F64-A3CB-BE7E44C09622}.Release|WIN32.Build.0 = Release|WIN32
		{142C6B6F-5859-3F64-A3CB-BE7E44C09622}.MinSizeRel|WIN32.ActiveCfg = MinSizeRel|WIN32
		{142C6B6F-5859-3F64-A3CB-BE7E44C09622}.MinSizeRel|WIN32.Build.0 = MinSizeRel|WIN32
		{142C6B6F-5859-3F64-A3CB-BE7E44C09622}.RelWithDebInfo|WIN32.ActiveCfg = RelWithDebInfo|WIN32
		{142C6B6F-5859-3F64-A3CB-BE7E44C09622}.RelWithDebInfo|WIN32.Build.0 = RelWithDebInfo|WIN32
		{3785ECD9-54C8-39C9-9351-71CBB2CDBE0E}.Debug|WIN32.ActiveCfg = Debug|WIN32
		{3785ECD9-54C8-39C9-9351-71CBB2CDBE0E}.Debug|WIN32.Build.0 = Debug|WIN32
		{3785ECD9-54C8-39C9-9351-71CBB2CDBE0E}.Release|WIN32.ActiveCfg = Release|WIN32
		{3785ECD9-54C8-39C9-9351-71CBB2CDBE0E}.Release|WIN32.Build.0 = Release|WIN32
		{3785ECD9-54C8-39C9-9351-71CBB2CDBE0E}.MinSizeRel|WIN32.ActiveCfg = MinSizeRel|WIN32
		{3785ECD9-54C8-39C9-9351-71CBB2CDBE0E}.MinSizeRel|WIN32.Build.0 = MinSizeRel|WIN32
		{3785ECD9-54C8-39C9-9351-71CBB2CDBE0E}.RelWithDebInfo|WIN32.ActiveCfg = RelWithDebInfo|WIN32
		{3785ECD9-54C8-39C9-9351-71CBB2CDBE0E}.RelWithDebInfo|WIN32.Build.0 = RelWithDebInfo|WIN32
		{7FFB47C0-C8FF-3C59-A73B-B03AA43CE045}.Debug|WIN32.ActiveCfg = Debug|WIN32
		{7FFB47C0-C8FF-3C59-A73B-B03AA43CE045}.Debug|WIN32.Build.0 = Debug|WIN32
		{7FFB47C0-C8FF-3C59-A73B-B03AA43CE045}.Release|WIN32.ActiveCfg = Release|WIN32
		{7FFB47C0-C8FF-3C59-A73B-B03AA43CE045}.Release|WIN32.Build.0 = Release|WIN32
		{7FFB47C0-C8FF-3C59-A73B-B03AA43CE045}.MinSizeRel|WIN32.ActiveCfg = MinSizeRel|WIN32
		{7FFB47C0-C8FF-3C59-A73B-B03AA43CE045}.MinSizeRel|WIN32.Build.0 = MinSizeRel|WIN32
		{7FFB47C0-C8FF-3C59-A73B-B03AA43CE045}.RelWithDebInfo|WIN32.ActiveCfg = RelWithDebInfo|WIN32
		{7FFB47C0-C8FF-3C59-A73B-B03AA43CE045}.RelWithDebInfo|WIN32.Build.0 = RelWithDebInfo|WIN32
		{36128E84-0018-3A2F-B585-F2F86AF9C740}.Debug|WIN32.ActiveCfg = Debug|WIN32
		{36128E84-0018-3A2F-B585-F2F86AF9C740}.Debug|WIN32.Build.0 = Debug|WIN32
		{36128E84-0018-3A2F-B585-F2F86AF9C740}.Release|WIN32.ActiveCfg = Release|WIN32
		{36128E84-0018-3A2F-B585-F2F86AF9C740}.Release|WIN32.Build.0 = Release|WIN32
		{36128E84-0018-3A2F-B585-F2F86AF9C740}.MinSizeRel|WIN32.ActiveCfg = MinSizeRel|WIN32
		{36128E84-0018-3A2F-B585-F2F86AF9C740}.MinSizeRel|WIN32.Build.0 = MinSizeRel|WIN32
		{36128E84-0018-3A2F-B585-F2F86AF9C740}.RelWithDebInfo|WIN32.ActiveCfg = RelWithDebInfo|WIN32
		{36128E84-0018-3A2F-B585-F2F86AF9C740}.RelWithDebInfo|WIN32.Build.0 = RelWithDebInfo|WIN32
		{0002AD94-DB44-3F13-99EA-716926580D0F}.Debug|WIN32.ActiveCfg = Debug|WIN32
		{0002AD94-DB44-3F13-99EA-716926580D0F}.Debug|WIN32.Build.0 = Debug|WIN32
		{0002AD94-DB44-3F13-99EA-716926580D0F}.Release|WIN32.ActiveCfg = Release|WIN32
		{0002AD94-DB44-3F13-99EA-716926580D0F}.Release|WIN32.Build.0 = Release|WIN32
		{0002AD94-DB44-3F13-99EA-716926580D0F}.MinSizeRel|WIN32.ActiveCfg = MinSizeRel|WIN32
		{0002AD94-DB44-3F13-99EA-716926580D0F}.MinSizeRel|WIN32.Build.0 = MinSizeRel|WIN32
		{0002AD94-DB44-3F13-99EA-716926580D0F}.RelWithDebInfo|WIN32.ActiveCfg = RelWithDebInfo|WIN32
		{0002AD94-DB44-3F13-99EA-716926580D0F}.RelWithDebInfo|WIN32.Build.0 = RelWithDebInfo|WIN32
	EndGlobalSection
	GlobalSection(NestedProjects) = preSolution
		{E81AF410-0570-32DD-965C-138F12E4B90F} = {15F95A07-30AC-30E9-A44E-60984726DB33}
		{C097227E-51E2-3677-A795-B0227FE84652} = {15F95A07-30AC-30E9-A44E-60984726DB33}
		{3F9D23A5-4561-377E-A4F1-6496271CF745} = {BBA4309D-E497-3F8C-80B1-87DADC8B9C39}
		{5414C056-BB2C-3185-8C3D-28540D8E31E7} = {BBA4309D-E497-3F8C-80B1-87DADC8B9C39}
		{60B0AB04-FF3E-31C1-BFD9-2B805C26AE8B} = {BBA4309D-E497-3F8C-80B1-87DADC8B9C39}
		{13030791-1D88-35AF-8B92-4305FB7893E5} = {BBA4309D-E497-3F8C-80B1-87DADC8B9C39}
		{F54E29DA-C7FA-3859-AFD1-D71B0FE5E355} = {BBA4309D-E497-3F8C-80B1-87DADC8B9C39}
		{8ACCF3D7-740A-3A4E-8EE6-C963D72FBD43} = {BBA4309D-E497-3F8C-80B1-87DADC8B9C39}
		{92E4ED6C-13E9-3C04-9BF1-9FD2D48898E6} = {BBA4309D-E497-3F8C-80B1-87DADC8B9C39}
		{142C6B6F-5859-3F64-A3CB-BE7E44C09622} = {BBA4309D-E497-3F8C-80B1-87DADC8B9C39}
		{3785ECD9-54C8-39C9-9351-71CBB2CDBE0E} = {BBA4309D-E497-3F8C-80B1-87DADC8B9C39}
		{7FFB47C0-C8FF-3C59-A73B-B03AA43CE045} = {BBA4309D-E497-3F8C-80B1-87DADC8B9C39}
		{36128E84-0018-3A2F-B585-F2F86AF9C740} = {BBA4309D-E497-3F8C-80B1-87DADC8B9C39}
		{AC687E12-E425-330E-A13F-BD2B80E34A1E} = {A2E24755-82B0-3AD3-A766-289B8C48C54E}
		{5062CDCC-31FF-3CA1-9FD7-A2CEC51ECDD1} = {7F0DC7F1-96D7-3773-B5D8-8F6C6576DBDB}
	EndGlobalSection
	GlobalSection(ExtensibilityGlobals) = postSolution
		SolutionGuid = {976DB26E-0C48-3459-A04B-41D54A8F164C}
	EndGlobalSection
	GlobalSection(ExtensibilityAddIns) = postSolution
	EndGlobalSection
EndGlobal
