<?xml version="1.0" encoding="utf-8"?>
<Project ToolsVersion="17.0" xmlns="http://schemas.microsoft.com/developer/msbuild/2003">
  <ItemGroup>
    <CustomBuild Include="D:\PVZ1\pvz1\proj.win32\CMakeFiles\d6973ce0c59cd49facb47de2ddae74d6\generate.stamp.rule">
      <Filter>CMake Rules</Filter>
    </CustomBuild>
  </ItemGroup>
  <ItemGroup>
    <Filter Include="CMake Rules">
      <UniqueIdentifier>{35F7FEF3-3F8F-3295-A089-8B296F109544}</UniqueIdentifier>
    </Filter>
  </ItemGroup>
</Project>
